{
  "name": "web-app",
  "version": "1.0.0",
  "lockfileVersion": 3,
  "requires": true,
  "packages": {
    "": {
      "dependencies": {
        "@huggingface/inference": "^4.13.0"
      }
    },
    "node_modules/@huggingface/inference": {
      "version": "4.13.0",
      "resolved": "https://registry.npmjs.org/@huggingface/inference/-/inference-4.13.0.tgz",
      "integrity": "sha512-oqBHbYoLHpNlEUJp/MG28gCR0JOUmLi9iKKd0oJfTAgTqaDSLhoCsIdS1XfLHbT/CrzZch33cARTR3bO4q/2yQ==",
      "license": "MIT",
      "dependencies": {
        "@huggingface/jinja": "^0.5.1",
        "@huggingface/tasks": "^0.19.58"
      },
      "engines": {
        "node": ">=18"
      }
    },
    "node_modules/@huggingface/inference/node_modules/@huggingface/jinja": {
      "version": "0.5.1",
      "resolved": "https://registry.npmjs.org/@huggingface/jinja/-/jinja-0.5.1.tgz",
      "integrity": "sha512-yUZLld4lrM9iFxHCwFQ7D1HW2MWMwSbeB7WzWqFYDWK+rEb+WldkLdAJxUPOmgICMHZLzZGVcVjFh3w/YGubng==",
      "license": "MIT",
      "engines": {
        "node": ">=18"
      }
    },
    "node_modules/@huggingface/tasks": {
      "version": "0.19.58",
      "resolved": "https://registry.npmjs.org/@huggingface/tasks/-/tasks-0.19.58.tgz",
      "integrity": "sha512-nZbg2tFPTYWr0JnsfJi+RzzTeCH6E1EMjtghHIY+etz12+GxaxjFt0bdpOsLK4NxV+7xv20P8GAEkcKbG8B5tw==",
      "license": "MIT"
    }
  }
}
